// !$*UTF8*$!
{
	archiveVersion = 1;
	classes = {
	};
	objectVersion = 46;
	objects = {

/* Begin PBXBuildFile section */
		158BB0C21F5C366D00A1926B /* AppDelegate.swift in Sources */ = {isa = PBXBuildFile; fileRef = 158BB0C11F5C366D00A1926B /* AppDelegate.swift */; };
		158BB0C41F5C366D00A1926B /* ViewController.swift in Sources */ = {isa = PBXBuildFile; fileRef = 158BB0C31F5C366D00A1926B /* ViewController.swift */; };
		158BB0C71F5C366D00A1926B /* Main.storyboard in Resources */ = {isa = PBXBuildFile; fileRef = 158BB0C51F5C366D00A1926B /* Main.storyboard */; };
		158BB0C91F5C366D00A1926B /* Assets.xcassets in Resources */ = {isa = PBXBuildFile; fileRef = 158BB0C81F5C366D00A1926B /* Assets.xcassets */; };
		158BB0CC1F5C366D00A1926B /* LaunchScreen.storyboard in Resources */ = {isa = PBXBuildFile; fileRef = 158BB0CA1F5C366D00A1926B /* LaunchScreen.storyboard */; };
		158BB0D51F5C3A1200A1926B /* Realm.framework in Frameworks */ = {isa = PBXBuildFile; fileRef = 158BB0D31F5C3A1200A1926B /* Realm.framework */; };
		158BB0D61F5C3A1200A1926B /* Realm.framework in Embed Frameworks */ = {isa = PBXBuildFile; fileRef = 158BB0D31F5C3A1200A1926B /* Realm.framework */; settings = {ATTRIBUTES = (CodeSignOnCopy, RemoveHeadersOnCopy, ); }; };
		158BB0D71F5C3A1200A1926B /* RealmSwift.framework in Frameworks */ = {isa = PBXBuildFile; fileRef = 158BB0D41F5C3A1200A1926B /* RealmSwift.framework */; };
		158BB0D81F5C3A1200A1926B /* RealmSwift.framework in Embed Frameworks */ = {isa = PBXBuildFile; fileRef = 158BB0D41F5C3A1200A1926B /* RealmSwift.framework */; settings = {ATTRIBUTES = (CodeSignOnCopy, RemoveHeadersOnCopy, ); }; };
		158BB0DC1F5C3A9100A1926B /* Model.swift in Sources */ = {isa = PBXBuildFile; fileRef = 158BB0DB1F5C3A9100A1926B /* Model.swift */; };
/* End PBXBuildFile section */

/* Begin PBXCopyFilesBuildPhase section */
		158BB0D91F5C3A1200A1926B /* Embed Frameworks */ = {
			isa = PBXCopyFilesBuildPhase;
			buildActionMask = 2147483647;
			dstPath = "";
			dstSubfolderSpec = 10;
			files = (
				158BB0D81F5C3A1200A1926B /* RealmSwift.framework in Embed Frameworks */,
				158BB0D61F5C3A1200A1926B /* Realm.framework in Embed Frameworks */,
			);
			name = "Embed Frameworks";
			runOnlyForDeploymentPostprocessing = 0;
		};
/* End PBXCopyFilesBuildPhase section */

/* Begin PBXFileReference section */
		158BB0BE1F5C366D00A1926B /* RealmHome.app */ = {isa = PBXFileReference; explicitFileType = wrapper.application; includeInIndex = 0; path = RealmHome.app; sourceTree = BUILT_PRODUCTS_DIR; };
		158BB0C11F5C366D00A1926B /* AppDelegate.swift */ = {isa = PBXFileReference; lastKnownFileType = sourcecode.swift; path = AppDelegate.swift; sourceTree = "<group>"; };
		158BB0C31F5C366D00A1926B /* ViewController.swift */ = {isa = PBXFileReference; lastKnownFileType = sourcecode.swift; path = ViewController.swift; sourceTree = "<group>"; };
		158BB0C61F5C366D00A1926B /* Base */ = {isa = PBXFileReference; lastKnownFileType = file.storyboard; name = Base; path = Base.lproj/Main.storyboard; sourceTree = "<group>"; };
		158BB0C81F5C366D00A1926B /* Assets.xcassets */ = {isa = PBXFileReference; lastKnownFileType = folder.assetcatalog; path = Assets.xcassets; sourceTree = "<group>"; };
		158BB0CB1F5C366D00A1926B /* Base */ = {isa = PBXFileReference; lastKnownFileType = file.storyboard; name = Base; path = Base.lproj/LaunchScreen.storyboard; sourceTree = "<group>"; };
		158BB0CD1F5C366D00A1926B /* Info.plist */ = {isa = PBXFileReference; lastKnownFileType = text.plist.xml; path = Info.plist; sourceTree = "<group>"; };
		158BB0D31F5C3A1200A1926B /* Realm.framework */ = {isa = PBXFileReference; lastKnownFileType = wrapper.framework; name = Realm.framework; path = Carthage/Build/iOS/Realm.framework; sourceTree = "<group>"; };
		158BB0D41F5C3A1200A1926B /* RealmSwift.framework */ = {isa = PBXFileReference; lastKnownFileType = wrapper.framework; name = RealmSwift.framework; path = Carthage/Build/iOS/RealmSwift.framework; sourceTree = "<group>"; };
		158BB0DB1F5C3A9100A1926B /* Model.swift */ = {isa = PBXFileReference; fileEncoding = 4; lastKnownFileType = sourcecode.swift; path = Model.swift; sourceTree = "<group>"; };
/* End PBXFileReference section */

/* Begin PBXFrameworksBuildPhase section */
		158BB0BB1F5C366D00A1926B /* Frameworks */ = {
			isa = PBXFrameworksBuildPhase;
			buildActionMask = 2147483647;
			files = (
				158BB0D71F5C3A1200A1926B /* RealmSwift.framework in Frameworks */,
				158BB0D51F5C3A1200A1926B /* Realm.framework in Frameworks */,
			);
			runOnlyForDeploymentPostprocessing = 0;
		};
/* End PBXFrameworksBuildPhase section */

/* Begin PBXGroup section */
		158BB0B51F5C366D00A1926B = {
			isa = PBXGroup;
			children = (
				158BB0D31F5C3A1200A1926B /* Realm.framework */,
				158BB0D41F5C3A1200A1926B /* RealmSwift.framework */,
				158BB0C01F5C366D00A1926B /* RealmHome */,
				158BB0BF1F5C366D00A1926B /* Products */,
			);
			sourceTree = "<group>";
		};
		158BB0BF1F5C366D00A1926B /* Products */ = {
			isa = PBXGroup;
			children = (
				158BB0BE1F5C366D00A1926B /* RealmHome.app */,
			);
			name = Products;
			sourceTree = "<group>";
		};
		158BB0C01F5C366D00A1926B /* RealmHome */ = {
			isa = PBXGroup;
			children = (
				158BB0C11F5C366D00A1926B /* AppDelegate.swift */,
				158BB0C31F5C366D00A1926B /* ViewController.swift */,
				158BB0DB1F5C3A9100A1926B /* Model.swift */,
				158BB0C51F5C366D00A1926B /* Main.storyboard */,
				158BB0C81F5C366D00A1926B /* Assets.xcassets */,
				158BB0CA1F5C366D00A1926B /* LaunchScreen.storyboard */,
				158BB0CD1F5C366D00A1926B /* Info.plist */,
			);
			path = RealmHome;
			sourceTree = "<group>";
		};
/* End PBXGroup section */

/* Begin PBXNativeTarget section */
		158BB0BD1F5C366D00A1926B /* RealmHome */ = {
			isa = PBXNativeTarget;
			buildConfigurationList = 158BB0D01F5C366D00A1926B /* Build configuration list for PBXNativeTarget "RealmHome" */;
			buildPhases = (
				158BB0BA1F5C366D00A1926B /* Sources */,
				158BB0BB1F5C366D00A1926B /* Frameworks */,
				158BB0BC1F5C366D00A1926B /* Resources */,
				158BB0D91F5C3A1200A1926B /* Embed Frameworks */,
				158BB0DA1F5C3A2000A1926B /* ShellScript */,
			);
			buildRules = (
			);
			dependencies = (
			);
			name = RealmHome;
			productName = RealmHome;
			productReference = 158BB0BE1F5C366D00A1926B /* RealmHome.app */;
			productType = "com.apple.product-type.application";
		};
/* End PBXNativeTarget section */

/* Begin PBXProject section */
		158BB0B61F5C366D00A1926B /* Project object */ = {
			isa = PBXProject;
			attributes = {
				LastSwiftUpdateCheck = 0830;
				LastUpgradeCheck = 0830;
				ORGANIZATIONNAME = Ovsyankinds;
				TargetAttributes = {
					158BB0BD1F5C366D00A1926B = {
						CreatedOnToolsVersion = 8.3.3;
						ProvisioningStyle = Automatic;
					};
				};
			};
			buildConfigurationList = 158BB0B91F5C366D00A1926B /* Build configuration list for PBXProject "RealmHome" */;
			compatibilityVersion = "Xcode 3.2";
			developmentRegion = English;
			hasScannedForEncodings = 0;
			knownRegions = (
				en,
				Base,
			);
			mainGroup = 158BB0B51F5C366D00A1926B;
			productRefGroup = 158BB0BF1F5C366D00A1926B /* Products */;
			projectDirPath = "";
			projectRoot = "";
			targets = (
				158BB0BD1F5C366D00A1926B /* RealmHome */,
			);
		};
/* End PBXProject section */

/* Begin PBXResourcesBuildPhase section */
		158BB0BC1F5C366D00A1926B /* Resources */ = {
			isa = PBXResourcesBuildPhase;
			buildActionMask = 2147483647;
			files = (
				158BB0CC1F5C366D00A1926B /* LaunchScreen.storyboard in Resources */,
				158BB0C91F5C366D00A1926B /* Assets.xcassets in Resources */,
				158BB0C71F5C366D00A1926B /* Main.storyboard in Resources */,
			);
			runOnlyForDeploymentPostprocessing = 0;
		};
/* End PBXResourcesBuildPhase section */

/* Begin PBXShellScriptBuildPhase section */
		158BB0DA1F5C3A2000A1926B /* ShellScript */ = {
			isa = PBXShellScriptBuildPhase;
			buildActionMask = 8;
			files = (
			);
			inputPaths = (
			);
			outputPaths = (
			);
			runOnlyForDeploymentPostprocessing = 1;
			shellPath = "/usr/local/bin/carthage copy-frameworks";
			shellScript = "$(SRCROOT)/Carthage/Build/iOS/Realm.framework<br />$(SRCROOT)/Carthage/Build/iOS/RealmSwift.framework";
		};
/* End PBXShellScriptBuildPhase section */

/* Begin PBXSourcesBuildPhase section */
		158BB0BA1F5C366D00A1926B /* Sources */ = {
			isa = PBXSourcesBuildPhase;
			buildActionMask = 2147483647;
			files = (
				158BB0DC1F5C3A9100A1926B /* Model.swift in Sources */,
				158BB0C41F5C366D00A1926B /* ViewController.swift in Sources */,
				158BB0C21F5C366D00A1926B /* AppDelegate.swift in Sources */,
			);
			runOnlyForDeploymentPostprocessing = 0;
		};
/* End PBXSourcesBuildPhase section */

/* Begin PBXVariantGroup section */
		158BB0C51F5C366D00A1926B /* Main.storyboard */ = {
			isa = PBXVariantGroup;
			children = (
				158BB0C61F5C366D00A1926B /* Base */,
			);
			name = Main.storyboard;
			sourceTree = "<group>";
		};
		158BB0CA1F5C366D00A1926B /* LaunchScreen.storyboard */ = {
			isa = PBXVariantGroup;
			children = (
				158BB0CB1F5C366D00A1926B /* Base */,
			);
			name = LaunchScreen.storyboard;
			sourceTree = "<group>";
		};
/* End PBXVariantGroup section */

/* Begin XCBuildConfiguration section */
		158BB0CE1F5C366D00A1926B /* Debug */ = {
			isa = XCBuildConfiguration;
			buildSettings = {
				ALWAYS_SEARCH_USER_PATHS = NO;
				CLANG_ANALYZER_NONNULL = YES;
				CLANG_ANALYZER_NUMBER_OBJECT_CONVERSION = YES_AGGRESSIVE;
				CLANG_CXX_LANGUAGE_STANDARD = "gnu++0x";
				CLANG_CXX_LIBRARY = "libc++";
				CLANG_ENABLE_MODULES = YES;
				CLANG_ENABLE_OBJC_ARC = YES;
				CLANG_WARN_BOOL_CONVERSION = YES;
				CLANG_WARN_CONSTANT_CONVERSION = YES;
				CLANG_WARN_DIRECT_OBJC_ISA_USAGE = YES_ERROR;
				CLANG_WARN_DOCUMENTATION_COMMENTS = YES;
				CLANG_WARN_EMPTY_BODY = YES;
				CLANG_WARN_ENUM_CONVERSION = YES;
				CLANG_WARN_INFINITE_RECURSION = YES;
				CLANG_WARN_INT_CONVERSION = YES;
				CLANG_WARN_OBJC_ROOT_CLASS = YES_ERROR;
				CLANG_WARN_SUSPICIOUS_MOVE = YES;
				CLANG_WARN_UNREACHABLE_CODE = YES;
				CLANG_WARN__DUPLICATE_METHOD_MATCH = YES;
				"CODE_SIGN_IDENTITY[sdk=iphoneos*]" = "iPhone Developer";
				COPY_PHASE_STRIP = NO;
				DEBUG_INFORMATION_FORMAT = dwarf;
				ENABLE_STRICT_OBJC_MSGSEND = YES;
				ENABLE_TESTABILITY = YES;
				GCC_C_LANGUAGE_STANDARD = gnu99;
				GCC_DYNAMIC_NO_PIC = NO;
				GCC_NO_COMMON_BLOCKS = YES;
				GCC_OPTIMIZATION_LEVEL = 0;
				GCC_PREPROCESSOR_DEFINITIONS = (
					"DEBUG=1",
					"$(inherited)",
				);
				GCC_WARN_64_TO_32_BIT_CONVERSION = YES;
				GCC_WARN_ABOUT_RETURN_TYPE = YES_ERROR;
				GCC_WARN_UNDECLARED_SELECTOR = YES;
				GCC_WARN_UNINITIALIZED_AUTOS = YES_AGGRESSIVE;
				GCC_WARN_UNUSED_FUNCTION = YES;
				GCC_WARN_UNUSED_VARIABLE = YES;
				IPHONEOS_DEPLOYMENT_TARGET = 10.3;
				MTL_ENABLE_DEBUG_INFO = YES;
				ONLY_ACTIVE_ARCH = YES;
				SDKROOT = iphoneos;
				SWIFT_ACTIVE_COMPILATION_CONDITIONS = DEBUG;
				SWIFT_OPTIMIZATION_LEVEL = "-Onone";
				TARGETED_DEVICE_FAMILY = "1,2";
			};
			name = Debug;
		};
		158BB0CF1F5C366D00A1926B /* Release */ = {
			isa = XCBuildConfiguration;
			buildSettings = {
				ALWAYS_SEARCH_USER_PATHS = NO;
				CLANG_ANALYZER_NONNULL = YES;
				CLANG_ANALYZER_NUMBER_OBJECT_CONVERSION = YES_AGGRESSIVE;
				CLANG_CXX_LANGUAGE_STANDARD = "gnu++0x";
				CLANG_CXX_LIBRARY = "libc++";
				CLANG_ENABLE_MODULES = YES;
				CLANG_ENABLE_OBJC_ARC = YES;
				CLANG_WARN_BOOL_CONVERSION = YES;
				CLANG_WARN_CONSTANT_CONVERSION = YES;
				CLANG_WARN_DIRECT_OBJC_ISA_USAGE = YES_ERROR;
				CLANG_WARN_DOCUMENTATION_COMMENTS = YES;
				CLANG_WARN_EMPTY_BODY = YES;
				CLANG_WARN_ENUM_CONVERSION = YES;
				CLANG_WARN_INFINITE_RECURSION = YES;
				CLANG_WARN_INT_CONVERSION = YES;
				CLANG_WARN_OBJC_ROOT_CLASS = YES_ERROR;
				CLANG_WARN_SUSPICIOUS_MOVE = YES;
				CLANG_WARN_UNREACHABLE_CODE = YES;
				CLANG_WARN__DUPLICATE_METHOD_MATCH = YES;
				"CODE_SIGN_IDENTITY[sdk=iphoneos*]" = "iPhone Developer";
				COPY_PHASE_STRIP = NO;
				DEBUG_INFORMATION_FORMAT = "dwarf-with-dsym";
				ENABLE_NS_ASSERTIONS = NO;
				ENABLE_STRICT_OBJC_MSGSEND = YES;
				GCC_C_LANGUAGE_STANDARD = gnu99;
				GCC_NO_COMMON_BLOCKS = YES;
				GCC_WARN_64_TO_32_BIT_CONVERSION = YES;
				GCC_WARN_ABOUT_RETURN_TYPE = YES_ERROR;
				GCC_WARN_UNDECLARED_SELECTOR = YES;
				GCC_WARN_UNINITIALIZED_AUTOS = YES_AGGRESSIVE;
				GCC_WARN_UNUSED_FUNCTION = YES;
				GCC_WARN_UNUSED_VARIABLE = YES;
				IPHONEOS_DEPLOYMENT_TARGET = 10.3;
				MTL_ENABLE_DEBUG_INFO = NO;
				SDKROOT = iphoneos;
				SWIFT_OPTIMIZATION_LEVEL = "-Owholemodule";
				TARGETED_DEVICE_FAMILY = "1,2";
				VALIDATE_PRODUCT = YES;
			};
			name = Release;
		};
		158BB0D11F5C366D00A1926B /* Debug */ = {
			isa = XCBuildConfiguration;
			buildSettings = {
				ASSETCATALOG_COMPILER_APPICON_NAME = AppIcon;
				FRAMEWORK_SEARCH_PATHS = (
					"$(inherited)",
					"$(PROJECT_DIR)/Carthage/Build/iOS",
				);
				INFOPLIST_FILE = RealmHome/Info.plist;
				LD_RUNPATH_SEARCH_PATHS = "$(inherited) @executable_path/Frameworks";
				PRODUCT_BUNDLE_IDENTIFIER = ovso.RealmHome;
				PRODUCT_NAME = "$(TARGET_NAME)";
				SWIFT_VERSION = 3.0;
			};
			name = Debug;
		};
		158BB0D21F5C366D00A1926B /* Release */ = {
			isa = XCBuildConfiguration;
			buildSettings = {
				ASSETCATALOG_COMPILER_APPICON_NAME = AppIcon;
				FRAMEWORK_SEARCH_PATHS = (
					"$(inherited)",
					"$(PROJECT_DIR)/Carthage/Build/iOS",
				);
				INFOPLIST_FILE = RealmHome/Info.plist;
				LD_RUNPATH_SEARCH_PATHS = "$(inherited) @executable_path/Frameworks";
				PRODUCT_BUNDLE_IDENTIFIER = ovso.RealmHome;
				PRODUCT_NAME = "$(TARGET_NAME)";
				SWIFT_VERSION = 3.0;
			};
			name = Release;
		};
/* End XCBuildConfiguration section */

/* Begin XCConfigurationList section */
		158BB0B91F5C366D00A1926B /* Build configuration list for PBXProject "RealmHome" */ = {
			isa = XCConfigurationList;
			buildConfigurations = (
				158BB0CE1F5C366D00A1926B /* Debug */,
				158BB0CF1F5C366D00A1926B /* Release */,
			);
			defaultConfigurationIsVisible = 0;
			defaultConfigurationName = Release;
		};
		158BB0D01F5C366D00A1926B /* Build configuration list for PBXNativeTarget "RealmHome" */ = {
			isa = XCConfigurationList;
			buildConfigurations = (
				158BB0D11F5C366D00A1926B /* Debug */,
				158BB0D21F5C366D00A1926B /* Release */,
			);
			defaultConfigurationIsVisible = 0;
		};
/* End XCConfigurationList section */
	};
	rootObject = 158BB0B61F5C366D00A1926B /* Project object */;
}
